
Microsoft Visual Studio Solution File, Format Version 12.00
# Visual Studio Version 16
VisualStudioVersion = 16.0.30907.101
MinimumVisualStudioVersion = 10.0.40219.1
Project("{FAE04EC0-301F-11D3-BF4B-00C04F79EFBC}") = "WAConexionBaseDatosCsharp", "WAConexionBaseDatosCsharp\WAConexionBaseDatosCsharp.csproj", "{26C8533B-AF54-436F-B0F9-A0B9444D3FB6}"
EndProject
Global
	GlobalSection(SolutionConfigurationPlatforms) = preSolution
		Debug|Any CPU = Debug|Any CPU
		Release|Any CPU = Release|Any CPU
	EndGlobalSection
	GlobalSection(ProjectConfigurationPlatforms) = postSolution
		{26C8533B-AF54-436F-B0F9-A0B9444D3FB6}.Debug|Any CPU.ActiveCfg = Debug|Any CPU
		{26C8533B-AF54-436F-B0F9-A0B9444D3FB6}.Debug|Any CPU.Build.0 = Debug|Any CPU
		{26C8533B-AF54-436F-B0F9-A0B9444D3FB6}.Release|Any CPU.ActiveCfg = Release|Any CPU
		{26C8533B-AF54-436F-B0F9-A0B9444D3FB6}.Release|Any CPU.Build.0 = Release|Any CPU
	EndGlobalSection
	GlobalSection(SolutionProperties) = preSolution
		HideSolutionNode = FALSE
	EndGlobalSection
	GlobalSection(ExtensibilityGlobals) = postSolution
		SolutionGuid = {E0D80C0C-9B33-476F-8309-27E8E6260D7B}
	EndGlobalSection
EndGlobal
